{
  "nodes": {
    "nixpkgs": {
      "locked": {
        "lastModified": 1717251117,
        "narHash": "sha256-224kvCZG/XAUC7Oaqf4FkdI8CV0ObUaTSRjLYg/s2RY=",
        "owner": "NixOS",
        "repo": "nixpkgs",
        "rev": "037ab5f7adb317d22effc0f18f88c760eb87a7a9",
        "type": "github"
      },
      "original": {
        "owner": "NixOS",
        "repo": "nixpkgs",
        "type": "github"
      }
    },
    "root": {
      "inputs": {
        "nixpkgs": "nixpkgs"
      }
    }
  },
  "root": "root",
  "version": 7
}
