{
  "nodes": {
    "nixpkgs": {
      "locked": {
        "lastModified": 1692121992,
        "narHash": "sha256-FujdJgdxRXbXWFpFfREIxhWell7YZaln9ZkUlcTrNVo=",
        "owner": "NixOS",
        "repo": "nixpkgs",
        "rev": "8e9cf11742aec2d4d59a9e83991402030c9550e0",
        "type": "github"
      },
      "original": {
        "owner": "NixOS",
        "repo": "nixpkgs",
        "type": "github"
      }
    },
    "root": {
      "inputs": {
        "nixpkgs": "nixpkgs"
      }
    }
  },
  "root": "root",
  "version": 7
}
